
Microsoft Visual Studio Solution File, Format Version 12.00
# Visual Studio Version 17
VisualStudioVersion = 17.3.32929.385
MinimumVisualStudioVersion = 10.0.40219.1
Project("{FAE04EC0-301F-11D3-BF4B-00C04F79EFBC}") = "csharp", "csharp.csproj", "{D57BC817-D903-40A6-983E-310480F0AB9B}"
EndProject
Global
	GlobalSection(SolutionConfigurationPlatforms) = preSolution
		Debug|Any CPU = Debug|Any CPU
		Release|Any CPU = Release|Any CPU
	EndGlobalSection
	GlobalSection(ProjectConfigurationPlatforms) = postSolution
		{D57BC817-D903-40A6-983E-310480F0AB9B}.Debug|Any CPU.ActiveCfg = Debug|Any CPU
		{D57BC817-D903-40A6-983E-310480F0AB9B}.Debug|Any CPU.Build.0 = Debug|Any CPU
		{D57BC817-D903-40A6-983E-310480F0AB9B}.Release|Any CPU.ActiveCfg = Release|Any CPU
		{D57BC817-D903-40A6-983E-310480F0AB9B}.Release|Any CPU.Build.0 = Release|Any CPU
	EndGlobalSection
	GlobalSection(SolutionProperties) = preSolution
		HideSolutionNode = FALSE
	EndGlobalSection
	GlobalSection(ExtensibilityGlobals) = postSolution
		SolutionGuid = {42283A87-410F-4735-98DC-1565F6B26972}
	EndGlobalSection
EndGlobal
